// !$*UTF8*$!
{
	archiveVersion = 1;
	classes = {
	};
	objectVersion = 46;
	objects = {

/* Begin PBXBuildFile section */
		AA63E1BC16D41568003287C6 /* DemoScene.cpp in Sources */ = {isa = PBXBuildFile; fileRef = AA63E1B716D41568003287C6 /* DemoScene.cpp */; };
		AA63E1BD16D41568003287C6 /* ExampleObject.cpp in Sources */ = {isa = PBXBuildFile; fileRef = AA63E1B916D41568003287C6 /* ExampleObject.cpp */; };
		AA63E1BE16D41568003287C6 /* main.cpp in Sources */ = {isa = PBXBuildFile; fileRef = AA63E1BB16D41568003287C6 /* main.cpp */; };
		AA63E1CF16D415BF003287C6 /* OpenGL.framework in Frameworks */ = {isa = PBXBuildFile; fileRef = AA63E1CE16D415BF003287C6 /* OpenGL.framework */; };
		AA63E1D316D415CB003287C6 /* GLUT.framework in Frameworks */ = {isa = PBXBuildFile; fileRef = AA63E1D216D415CB003287C6 /* GLUT.framework */; };
		AA63E22E16D421B5003287C6 /* libCGF.a in Frameworks */ = {isa = PBXBuildFile; fileRef = AA63E22D16D421B5003287C6 /* libCGF.a */; };
		AA63E23216D4221C003287C6 /* libGLEW.1.9.0.dylib in Frameworks */ = {isa = PBXBuildFile; fileRef = AA63E22F16D4221C003287C6 /* libGLEW.1.9.0.dylib */; };
		AA63E23316D4221C003287C6 /* libGLEWmx.1.9.0.dylib in Frameworks */ = {isa = PBXBuildFile; fileRef = AA63E23016D4221C003287C6 /* libGLEWmx.1.9.0.dylib */; };
		AA63E23416D4221C003287C6 /* libglui.a in Frameworks */ = {isa = PBXBuildFile; fileRef = AA63E23116D4221C003287C6 /* libglui.a */; };
		AA63E23F16D422F1003287C6 /* pyramid.jpg in CopyFiles */ = {isa = PBXBuildFile; fileRef = AA63E23A16D422CA003287C6 /* pyramid.jpg */; };
		AA63E24016D422F1003287C6 /* texshader.frag in CopyFiles */ = {isa = PBXBuildFile; fileRef = AA63E23B16D422CA003287C6 /* texshader.frag */; };
		AA63E24116D422F1003287C6 /* texshader.vert in CopyFiles */ = {isa = PBXBuildFile; fileRef = AA63E23C16D422CA003287C6 /* texshader.vert */; };
/* End PBXBuildFile section */

/* Begin PBXCopyFilesBuildPhase section */
		AA63E1A916D41531003287C6 /* CopyFiles */ = {
			isa = PBXCopyFilesBuildPhase;
			buildActionMask = 12;
			dstPath = ../data;
			dstSubfolderSpec = 16;
			files = (
				AA63E23F16D422F1003287C6 /* pyramid.jpg in CopyFiles */,
				AA63E24016D422F1003287C6 /* texshader.frag in CopyFiles */,
				AA63E24116D422F1003287C6 /* texshader.vert in CopyFiles */,
			);
			runOnlyForDeploymentPostprocessing = 0;
		};
/* End PBXCopyFilesBuildPhase section */

/* Begin PBXFileReference section */
		AA63E1AB16D41531003287C6 /* CGFExample */ = {isa = PBXFileReference; explicitFileType = "compiled.mach-o.executable"; includeInIndex = 0; path = CGFExample; sourceTree = BUILT_PRODUCTS_DIR; };
		AA63E1B716D41568003287C6 /* DemoScene.cpp */ = {isa = PBXFileReference; fileEncoding = 4; lastKnownFileType = sourcecode.cpp.cpp; name = DemoScene.cpp; path = src/DemoScene.cpp; sourceTree = SOURCE_ROOT; };
		AA63E1B816D41568003287C6 /* DemoScene.h */ = {isa = PBXFileReference; fileEncoding = 4; lastKnownFileType = sourcecode.c.h; name = DemoScene.h; path = src/DemoScene.h; sourceTree = SOURCE_ROOT; };
		AA63E1B916D41568003287C6 /* ExampleObject.cpp */ = {isa = PBXFileReference; fileEncoding = 4; lastKnownFileType = sourcecode.cpp.cpp; name = ExampleObject.cpp; path = src/ExampleObject.cpp; sourceTree = SOURCE_ROOT; };
		AA63E1BA16D41568003287C6 /* ExampleObject.h */ = {isa = PBXFileReference; fileEncoding = 4; lastKnownFileType = sourcecode.c.h; name = ExampleObject.h; path = src/ExampleObject.h; sourceTree = SOURCE_ROOT; };
		AA63E1BB16D41568003287C6 /* main.cpp */ = {isa = PBXFileReference; fileEncoding = 4; lastKnownFileType = sourcecode.cpp.cpp; name = main.cpp; path = src/main.cpp; sourceTree = SOURCE_ROOT; };
		AA63E1C116D415A6003287C6 /* CGFappearance.h */ = {isa = PBXFileReference; fileEncoding = 4; lastKnownFileType = sourcecode.c.h; name = CGFappearance.h; path = ../CGFlib/include/CGFappearance.h; sourceTree = "<group>"; };
		AA63E1C216D415A6003287C6 /* CGFapplication.h */ = {isa = PBXFileReference; fileEncoding = 4; lastKnownFileType = sourcecode.c.h; name = CGFapplication.h; path = ../CGFlib/include/CGFapplication.h; sourceTree = "<group>"; };
		AA63E1C316D415A6003287C6 /* CGFaxis.h */ = {isa = PBXFileReference; fileEncoding = 4; lastKnownFileType = sourcecode.c.h; name = CGFaxis.h; path = ../CGFlib/include/CGFaxis.h; sourceTree = "<group>"; };
		AA63E1C416D415A6003287C6 /* CGFcamera.h */ = {isa = PBXFileReference; fileEncoding = 4; lastKnownFileType = sourcecode.c.h; name = CGFcamera.h; path = ../CGFlib/include/CGFcamera.h; sourceTree = "<group>"; };
		AA63E1C516D415A6003287C6 /* CGFinterface.h */ = {isa = PBXFileReference; fileEncoding = 4; lastKnownFileType = sourcecode.c.h; name = CGFinterface.h; path = ../CGFlib/include/CGFinterface.h; sourceTree = "<group>"; };
		AA63E1C616D415A6003287C6 /* CGFlight.h */ = {isa = PBXFileReference; fileEncoding = 4; lastKnownFileType = sourcecode.c.h; name = CGFlight.h; path = ../CGFlib/include/CGFlight.h; sourceTree = "<group>"; };
		AA63E1C716D415A6003287C6 /* CGFobject.h */ = {isa = PBXFileReference; fileEncoding = 4; lastKnownFileType = sourcecode.c.h; name = CGFobject.h; path = ../CGFlib/include/CGFobject.h; sourceTree = "<group>"; };
		AA63E1C816D415A6003287C6 /* CGFscene.h */ = {isa = PBXFileReference; fileEncoding = 4; lastKnownFileType = sourcecode.c.h; name = CGFscene.h; path = ../CGFlib/include/CGFscene.h; sourceTree = "<group>"; };
		AA63E1C916D415A6003287C6 /* CGFshader.h */ = {isa = PBXFileReference; fileEncoding = 4; lastKnownFileType = sourcecode.c.h; name = CGFshader.h; path = ../CGFlib/include/CGFshader.h; sourceTree = "<group>"; };
		AA63E1CA16D415A6003287C6 /* CGFtexture.h */ = {isa = PBXFileReference; fileEncoding = 4; lastKnownFileType = sourcecode.c.h; name = CGFtexture.h; path = ../CGFlib/include/CGFtexture.h; sourceTree = "<group>"; };
		AA63E1CB16D415A6003287C6 /* imagetools.h */ = {isa = PBXFileReference; fileEncoding = 4; lastKnownFileType = sourcecode.c.h; name = imagetools.h; path = ../CGFlib/include/imagetools.h; sourceTree = "<group>"; };
		AA63E1CC16D415A6003287C6 /* stb_image_write.h */ = {isa = PBXFileReference; fileEncoding = 4; lastKnownFileType = sourcecode.c.h; name = stb_image_write.h; path = ../CGFlib/include/stb_image_write.h; sourceTree = "<group>"; };
		AA63E1CD16D415A6003287C6 /* version.h */ = {isa = PBXFileReference; fileEncoding = 4; lastKnownFileType = sourcecode.c.h; name = version.h; path = ../CGFlib/include/version.h; sourceTree = "<group>"; };
		AA63E1CE16D415BF003287C6 /* OpenGL.framework */ = {isa = PBXFileReference; lastKnownFileType = wrapper.framework; name = OpenGL.framework; path = System/Library/Frameworks/OpenGL.framework; sourceTree = SDKROOT; };
		AA63E1D016D415C6003287C6 /* CoreServices.framework */ = {isa = PBXFileReference; lastKnownFileType = wrapper.framework; name = CoreServices.framework; path = System/Library/Frameworks/CoreServices.framework; sourceTree = SDKROOT; };
		AA63E1D216D415CB003287C6 /* GLUT.framework */ = {isa = PBXFileReference; lastKnownFileType = wrapper.framework; name = GLUT.framework; path = System/Library/Frameworks/GLUT.framework; sourceTree = SDKROOT; };
		AA63E22D16D421B5003287C6 /* libCGF.a */ = {isa = PBXFileReference; lastKnownFileType = archive.ar; name = libCGF.a; path = ../CGFlib/lib/libCGF.a; sourceTree = "<group>"; };
		AA63E22F16D4221C003287C6 /* libGLEW.1.9.0.dylib */ = {isa = PBXFileReference; lastKnownFileType = "compiled.mach-o.dylib"; name = libGLEW.1.9.0.dylib; path = /usr/local/Cellar/glew/1.9.0/lib/libGLEW.1.9.0.dylib; sourceTree = "<absolute>"; };
		AA63E23016D4221C003287C6 /* libGLEWmx.1.9.0.dylib */ = {isa = PBXFileReference; lastKnownFileType = "compiled.mach-o.dylib"; name = libGLEWmx.1.9.0.dylib; path = /usr/local/Cellar/glew/1.9.0/lib/libGLEWmx.1.9.0.dylib; sourceTree = "<absolute>"; };
		AA63E23116D4221C003287C6 /* libglui.a */ = {isa = PBXFileReference; lastKnownFileType = archive.ar; name = libglui.a; path = /usr/local/Cellar/glui/2.36/lib/libglui.a; sourceTree = "<absolute>"; };
		AA63E23A16D422CA003287C6 /* pyramid.jpg */ = {isa = PBXFileReference; lastKnownFileType = image.jpeg; path = pyramid.jpg; sourceTree = "<group>"; };
		AA63E23B16D422CA003287C6 /* texshader.frag */ = {isa = PBXFileReference; fileEncoding = 4; lastKnownFileType = sourcecode.glsl; path = texshader.frag; sourceTree = "<group>"; };
		AA63E23C16D422CA003287C6 /* texshader.vert */ = {isa = PBXFileReference; fileEncoding = 4; lastKnownFileType = sourcecode.glsl; path = texshader.vert; sourceTree = "<group>"; };
/* End PBXFileReference section */

/* Begin PBXFrameworksBuildPhase section */
		AA63E1A816D41531003287C6 /* Frameworks */ = {
			isa = PBXFrameworksBuildPhase;
			buildActionMask = 2147483647;
			files = (
				AA63E23216D4221C003287C6 /* libGLEW.1.9.0.dylib in Frameworks */,
				AA63E23316D4221C003287C6 /* libGLEWmx.1.9.0.dylib in Frameworks */,
				AA63E23416D4221C003287C6 /* libglui.a in Frameworks */,
				AA63E22E16D421B5003287C6 /* libCGF.a in Frameworks */,
				AA63E1D316D415CB003287C6 /* GLUT.framework in Frameworks */,
				AA63E1CF16D415BF003287C6 /* OpenGL.framework in Frameworks */,
			);
			runOnlyForDeploymentPostprocessing = 0;
		};
/* End PBXFrameworksBuildPhase section */

/* Begin PBXGroup section */
		AA63E1A216D41531003287C6 = {
			isa = PBXGroup;
			children = (
				AA63E1AD16D41531003287C6 /* CGFExample */,
				AA63E1C016D41575003287C6 /* CGF Include */,
				AA63E23916D422CA003287C6 /* data */,
				AA63E1BF16D4156E003287C6 /* Frameworks */,
				AA63E1AC16D41531003287C6 /* Products */,
			);
			sourceTree = "<group>";
		};
		AA63E1AC16D41531003287C6 /* Products */ = {
			isa = PBXGroup;
			children = (
				AA63E1AB16D41531003287C6 /* CGFExample */,
			);
			name = Products;
			sourceTree = "<group>";
		};
		AA63E1AD16D41531003287C6 /* CGFExample */ = {
			isa = PBXGroup;
			children = (
				AA63E1B716D41568003287C6 /* DemoScene.cpp */,
				AA63E1B816D41568003287C6 /* DemoScene.h */,
				AA63E1B916D41568003287C6 /* ExampleObject.cpp */,
				AA63E1BA16D41568003287C6 /* ExampleObject.h */,
				AA63E1BB16D41568003287C6 /* main.cpp */,
			);
			path = CGFExample;
			sourceTree = "<group>";
		};
		AA63E1BF16D4156E003287C6 /* Frameworks */ = {
			isa = PBXGroup;
			children = (
				AA63E22F16D4221C003287C6 /* libGLEW.1.9.0.dylib */,
				AA63E23016D4221C003287C6 /* libGLEWmx.1.9.0.dylib */,
				AA63E23116D4221C003287C6 /* libglui.a */,
				AA63E22D16D421B5003287C6 /* libCGF.a */,
				AA63E1D216D415CB003287C6 /* GLUT.framework */,
				AA63E1D016D415C6003287C6 /* CoreServices.framework */,
				AA63E1CE16D415BF003287C6 /* OpenGL.framework */,
			);
			name = Frameworks;
			sourceTree = "<group>";
		};
		AA63E1C016D41575003287C6 /* CGF Include */ = {
			isa = PBXGroup;
			children = (
				AA63E1C116D415A6003287C6 /* CGFappearance.h */,
				AA63E1C216D415A6003287C6 /* CGFapplication.h */,
				AA63E1C316D415A6003287C6 /* CGFaxis.h */,
				AA63E1C416D415A6003287C6 /* CGFcamera.h */,
				AA63E1C516D415A6003287C6 /* CGFinterface.h */,
				AA63E1C616D415A6003287C6 /* CGFlight.h */,
				AA63E1C716D415A6003287C6 /* CGFobject.h */,
				AA63E1C816D415A6003287C6 /* CGFscene.h */,
				AA63E1C916D415A6003287C6 /* CGFshader.h */,
				AA63E1CA16D415A6003287C6 /* CGFtexture.h */,
				AA63E1CB16D415A6003287C6 /* imagetools.h */,
				AA63E1CC16D415A6003287C6 /* stb_image_write.h */,
				AA63E1CD16D415A6003287C6 /* version.h */,
			);
			name = "CGF Include";
			sourceTree = "<group>";
		};
		AA63E23916D422CA003287C6 /* data */ = {
			isa = PBXGroup;
			children = (
				AA63E23A16D422CA003287C6 /* pyramid.jpg */,
				AA63E23B16D422CA003287C6 /* texshader.frag */,
				AA63E23C16D422CA003287C6 /* texshader.vert */,
			);
			path = data;
			sourceTree = "<group>";
		};
/* End PBXGroup section */

/* Begin PBXNativeTarget section */
		AA63E1AA16D41531003287C6 /* CGFExample */ = {
			isa = PBXNativeTarget;
			buildConfigurationList = AA63E1B416D41531003287C6 /* Build configuration list for PBXNativeTarget "CGFExample" */;
			buildPhases = (
				AA63E1A716D41531003287C6 /* Sources */,
				AA63E1A816D41531003287C6 /* Frameworks */,
				AA63E1A916D41531003287C6 /* CopyFiles */,
			);
			buildRules = (
			);
			dependencies = (
			);
			name = CGFExample;
			productName = CGFExample;
			productReference = AA63E1AB16D41531003287C6 /* CGFExample */;
			productType = "com.apple.product-type.tool";
		};
/* End PBXNativeTarget section */

/* Begin PBXProject section */
		AA63E1A316D41531003287C6 /* Project object */ = {
			isa = PBXProject;
			attributes = {
				LastUpgradeCheck = 0460;
				ORGANIZATIONNAME = me;
			};
			buildConfigurationList = AA63E1A616D41531003287C6 /* Build configuration list for PBXProject "CGFExample" */;
			compatibilityVersion = "Xcode 3.2";
			developmentRegion = English;
			hasScannedForEncodings = 0;
			knownRegions = (
				en,
			);
			mainGroup = AA63E1A216D41531003287C6;
			productRefGroup = AA63E1AC16D41531003287C6 /* Products */;
			projectDirPath = "";
			projectRoot = "";
			targets = (
				AA63E1AA16D41531003287C6 /* CGFExample */,
			);
		};
/* End PBXProject section */

/* Begin PBXSourcesBuildPhase section */
		AA63E1A716D41531003287C6 /* Sources */ = {
			isa = PBXSourcesBuildPhase;
			buildActionMask = 2147483647;
			files = (
				AA63E1BC16D41568003287C6 /* DemoScene.cpp in Sources */,
				AA63E1BD16D41568003287C6 /* ExampleObject.cpp in Sources */,
				AA63E1BE16D41568003287C6 /* main.cpp in Sources */,
			);
			runOnlyForDeploymentPostprocessing = 0;
		};
/* End PBXSourcesBuildPhase section */

/* Begin XCBuildConfiguration section */
		AA63E1B216D41531003287C6 /* Debug */ = {
			isa = XCBuildConfiguration;
			buildSettings = {
				ALWAYS_SEARCH_USER_PATHS = NO;
				ARCHS = "$(ARCHS_STANDARD_64_BIT)";
				CLANG_CXX_LANGUAGE_STANDARD = "gnu++0x";
				CLANG_CXX_LIBRARY = "libc++";
				CLANG_WARN_CONSTANT_CONVERSION = YES;
				CLANG_WARN_EMPTY_BODY = YES;
				CLANG_WARN_ENUM_CONVERSION = YES;
				CLANG_WARN_INT_CONVERSION = YES;
				CLANG_WARN__DUPLICATE_METHOD_MATCH = YES;
				COPY_PHASE_STRIP = NO;
				GCC_C_LANGUAGE_STANDARD = gnu99;
				GCC_DYNAMIC_NO_PIC = NO;
				GCC_ENABLE_OBJC_EXCEPTIONS = YES;
				GCC_OPTIMIZATION_LEVEL = 0;
				GCC_PREPROCESSOR_DEFINITIONS = (
					"DEBUG=1",
					"$(inherited)",
				);
				GCC_SYMBOLS_PRIVATE_EXTERN = NO;
				GCC_WARN_64_TO_32_BIT_CONVERSION = NO;
				GCC_WARN_ABOUT_RETURN_TYPE = YES;
				GCC_WARN_UNINITIALIZED_AUTOS = YES;
				GCC_WARN_UNUSED_VARIABLE = YES;
				MACOSX_DEPLOYMENT_TARGET = 10.8;
				ONLY_ACTIVE_ARCH = YES;
				SDKROOT = macosx;
			};
			name = Debug;
		};
		AA63E1B316D41531003287C6 /* Release */ = {
			isa = XCBuildConfiguration;
			buildSettings = {
				ALWAYS_SEARCH_USER_PATHS = NO;
				ARCHS = "$(ARCHS_STANDARD_64_BIT)";
				CLANG_CXX_LANGUAGE_STANDARD = "gnu++0x";
				CLANG_CXX_LIBRARY = "libc++";
				CLANG_WARN_CONSTANT_CONVERSION = YES;
				CLANG_WARN_EMPTY_BODY = YES;
				CLANG_WARN_ENUM_CONVERSION = YES;
				CLANG_WARN_INT_CONVERSION = YES;
				CLANG_WARN__DUPLICATE_METHOD_MATCH = YES;
				COPY_PHASE_STRIP = YES;
				DEBUG_INFORMATION_FORMAT = "dwarf-with-dsym";
				GCC_C_LANGUAGE_STANDARD = gnu99;
				GCC_ENABLE_OBJC_EXCEPTIONS = YES;
				GCC_WARN_64_TO_32_BIT_CONVERSION = NO;
				GCC_WARN_ABOUT_RETURN_TYPE = YES;
				GCC_WARN_UNINITIALIZED_AUTOS = YES;
				GCC_WARN_UNUSED_VARIABLE = YES;
				MACOSX_DEPLOYMENT_TARGET = 10.8;
				SDKROOT = macosx;
			};
			name = Release;
		};
		AA63E1B516D41531003287C6 /* Debug */ = {
			isa = XCBuildConfiguration;
			buildSettings = {
				GCC_VERSION = com.apple.compilers.llvmgcc42;
				HEADER_SEARCH_PATHS = /usr/local/include;
				LIBRARY_SEARCH_PATHS = (
					"$(inherited)",
					"\"$(SRCROOT)/../CGFlib/lib\"",
					/usr/local/Cellar/glew/1.9.0/lib,
					/usr/local/Cellar/glui/2.36/lib,
				);
				PRODUCT_NAME = "$(TARGET_NAME)";
			};
			name = Debug;
		};
		AA63E1B616D41531003287C6 /* Release */ = {
			isa = XCBuildConfiguration;
			buildSettings = {
				GCC_VERSION = com.apple.compilers.llvmgcc42;
				HEADER_SEARCH_PATHS = /usr/local/include;
				LIBRARY_SEARCH_PATHS = (
					"$(inherited)",
					"\"$(SRCROOT)/../CGFlib/lib\"",
					/usr/local/Cellar/glew/1.9.0/lib,
					/usr/local/Cellar/glui/2.36/lib,
				);
				PRODUCT_NAME = "$(TARGET_NAME)";
			};
			name = Release;
		};
/* End XCBuildConfiguration section */

/* Begin XCConfigurationList section */
		AA63E1A616D41531003287C6 /* Build configuration list for PBXProject "CGFExample" */ = {
			isa = XCConfigurationList;
			buildConfigurations = (
				AA63E1B216D41531003287C6 /* Debug */,
				AA63E1B316D41531003287C6 /* Release */,
			);
			defaultConfigurationIsVisible = 0;
			defaultConfigurationName = Release;
		};
		AA63E1B416D41531003287C6 /* Build configuration list for PBXNativeTarget "CGFExample" */ = {
			isa = XCConfigurationList;
			buildConfigurations = (
				AA63E1B516D41531003287C6 /* Debug */,
				AA63E1B616D41531003287C6 /* Release */,
			);
			defaultConfigurationIsVisible = 0;
			defaultConfigurationName = Release;
		};
/* End XCConfigurationList section */
	};
	rootObject = AA63E1A316D41531003287C6 /* Project object */;
}
