<?xml version="1.0" encoding="utf-8"?>
<Project ToolsVersion="4.0" xmlns="http://schemas.microsoft.com/developer/msbuild/2003">
  <ItemGroup>
    <Filter Include="Source Files">
      <UniqueIdentifier>{4FC737F1-C7A5-4376-A066-2A32D752A2FF}</UniqueIdentifier>
      <Extensions>cpp;c;cc;cxx;def;odl;idl;hpj;bat;asm;asmx</Extensions>
    </Filter>
    <Filter Include="Header Files">
      <UniqueIdentifier>{93995380-89BD-4b04-88EB-625FBE52EBFB}</UniqueIdentifier>
      <Extensions>h;hpp;hxx;hm;inl;inc;xsd</Extensions>
    </Filter>
    <Filter Include="Resource Files">
      <UniqueIdentifier>{67DA6AB6-F800-4c08-8B7A-83BB121AAD01}</UniqueIdentifier>
      <Extensions>rc;ico;cur;bmp;dlg;rc2;rct;bin;rgs;gif;jpg;jpeg;jpe;resx;tiff;tif;png;wav;mfcribbon-ms</Extensions>
    </Filter>
    <Filter Include="Docs">
      <UniqueIdentifier>{621a0523-10cd-4f7a-ad6a-3f9a45916677}</UniqueIdentifier>
    </Filter>
  </ItemGroup>
  <ItemGroup>
    <ClInclude Include="include\CGFappearance.h">
      <Filter>Header Files</Filter>
    </ClInclude>
    <ClInclude Include="include\CGFapplication.h">
      <Filter>Header Files</Filter>
    </ClInclude>
    <ClInclude Include="include\CGFaxis.h">
      <Filter>Header Files</Filter>
    </ClInclude>
    <ClInclude Include="include\CGFcamera.h">
      <Filter>Header Files</Filter>
    </ClInclude>
    <ClInclude Include="include\CGFinterface.h">
      <Filter>Header Files</Filter>
    </ClInclude>
    <ClInclude Include="include\CGFlight.h">
      <Filter>Header Files</Filter>
    </ClInclude>
    <ClInclude Include="include\CGFobject.h">
      <Filter>Header Files</Filter>
    </ClInclude>
    <ClInclude Include="include\CGFscene.h">
      <Filter>Header Files</Filter>
    </ClInclude>
    <ClInclude Include="include\stb_image_write.h">
      <Filter>Header Files</Filter>
    </ClInclude>
    <ClInclude Include="include\version.h">
      <Filter>Header Files</Filter>
    </ClInclude>
    <ClInclude Include="include\imagetools.h">
      <Filter>Header Files</Filter>
    </ClInclude>
    <ClInclude Include="include\CGFtexture.h">
      <Filter>Header Files</Filter>
    </ClInclude>
    <ClInclude Include="include\CGFshader.h">
      <Filter>Header Files</Filter>
    </ClInclude>
  </ItemGroup>
  <ItemGroup>
    <ClCompile Include="src\CGFappearance.cpp">
      <Filter>Source Files</Filter>
    </ClCompile>
    <ClCompile Include="src\CGFapplication.cpp">
      <Filter>Source Files</Filter>
    </ClCompile>
    <ClCompile Include="src\CGFaxis.cpp">
      <Filter>Source Files</Filter>
    </ClCompile>
    <ClCompile Include="src\CGFcamera.cpp">
      <Filter>Source Files</Filter>
    </ClCompile>
    <ClCompile Include="src\CGFinterface.cpp">
      <Filter>Source Files</Filter>
    </ClCompile>
    <ClCompile Include="src\CGFlight.cpp">
      <Filter>Source Files</Filter>
    </ClCompile>
    <ClCompile Include="src\CGFobject.cpp">
      <Filter>Source Files</Filter>
    </ClCompile>
    <ClCompile Include="src\CGFscene.cpp">
      <Filter>Source Files</Filter>
    </ClCompile>
    <ClCompile Include="src\stb_image.c">
      <Filter>Source Files</Filter>
    </ClCompile>
    <ClCompile Include="src\imagetools.cpp">
      <Filter>Source Files</Filter>
    </ClCompile>
    <ClCompile Include="src\CGFtexture.cpp">
      <Filter>Source Files</Filter>
    </ClCompile>
    <ClCompile Include="src\CGFshader.cpp">
      <Filter>Source Files</Filter>
    </ClCompile>
  </ItemGroup>
  <ItemGroup>
    <None Include="docs\0_main.dox">
      <Filter>Docs</Filter>
    </None>
    <None Include="docs\1_basicproject.dox">
      <Filter>Docs</Filter>
    </None>
    <None Include="docs\2_helperclasses.dox">
      <Filter>Docs</Filter>
    </None>
    <None Include="docs\3_animation.dox">
      <Filter>Docs</Filter>
    </None>
    <None Include="docs\4_example.dox">
      <Filter>Docs</Filter>
    </None>
    <None Include="docs\A_deps.dox">
      <Filter>Docs</Filter>
    </None>
    <None Include="docs\B_projsetup.dox">
      <Filter>Docs</Filter>
    </None>
    <None Include="docs\C_downloads.dox">
      <Filter>Docs</Filter>
    </None>
    <None Include="docs\D_credits.dox">
      <Filter>Docs</Filter>
    </None>
  </ItemGroup>
</Project>